// !$*UTF8*$!
{
	archiveVersion = 1;
	classes = {
	};
	objectVersion = 48;
	objects = {

/* Begin PBXBuildFile section */
		3F0AC860206ED48000C1EDF8 /* AppDelegate.swift in Sources */ = {isa = PBXBuildFile; fileRef = 3F0AC85F206ED48000C1EDF8 /* AppDelegate.swift */; };
		3F0AC862206ED48000C1EDF8 /* WelcomeVC.swift in Sources */ = {isa = PBXBuildFile; fileRef = 3F0AC861206ED48000C1EDF8 /* WelcomeVC.swift */; };
		3F0AC865206ED48000C1EDF8 /* Main.storyboard in Resources */ = {isa = PBXBuildFile; fileRef = 3F0AC863206ED48000C1EDF8 /* Main.storyboard */; };
		3F0AC867206ED48000C1EDF8 /* Assets.xcassets in Resources */ = {isa = PBXBuildFile; fileRef = 3F0AC866206ED48000C1EDF8 /* Assets.xcassets */; };
		3F0AC86A206ED48000C1EDF8 /* LaunchScreen.storyboard in Resources */ = {isa = PBXBuildFile; fileRef = 3F0AC868206ED48000C1EDF8 /* LaunchScreen.storyboard */; };
		3F0AC875206EDC5F00C1EDF8 /* BorderBtn.swift in Sources */ = {isa = PBXBuildFile; fileRef = 3F0AC874206EDC5F00C1EDF8 /* BorderBtn.swift */; };
		3F0AC879206EEF2200C1EDF8 /* Players.swift in Sources */ = {isa = PBXBuildFile; fileRef = 3F0AC878206EEF2200C1EDF8 /* Players.swift */; };
		3F0AC87B206EF29400C1EDF8 /* LeagueVC.swift in Sources */ = {isa = PBXBuildFile; fileRef = 3F0AC87A206EF29400C1EDF8 /* LeagueVC.swift */; };
		3F0AC87D206EF2BD00C1EDF8 /* LevelVC.swift in Sources */ = {isa = PBXBuildFile; fileRef = 3F0AC87C206EF2BD00C1EDF8 /* LevelVC.swift */; };
/* End PBXBuildFile section */

/* Begin PBXFileReference section */
		3F0AC85C206ED48000C1EDF8 /* UXUS APP SWOOSH.app */ = {isa = PBXFileReference; explicitFileType = wrapper.application; includeInIndex = 0; path = "UXUS APP SWOOSH.app"; sourceTree = BUILT_PRODUCTS_DIR; };
		3F0AC85F206ED48000C1EDF8 /* AppDelegate.swift */ = {isa = PBXFileReference; lastKnownFileType = sourcecode.swift; path = AppDelegate.swift; sourceTree = "<group>"; };
		3F0AC861206ED48000C1EDF8 /* WelcomeVC.swift */ = {isa = PBXFileReference; lastKnownFileType = sourcecode.swift; path = WelcomeVC.swift; sourceTree = "<group>"; };
		3F0AC864206ED48000C1EDF8 /* Base */ = {isa = PBXFileReference; lastKnownFileType = file.storyboard; name = Base; path = Base.lproj/Main.storyboard; sourceTree = "<group>"; };
		3F0AC866206ED48000C1EDF8 /* Assets.xcassets */ = {isa = PBXFileReference; lastKnownFileType = folder.assetcatalog; path = Assets.xcassets; sourceTree = "<group>"; };
		3F0AC869206ED48000C1EDF8 /* Base */ = {isa = PBXFileReference; lastKnownFileType = file.storyboard; name = Base; path = Base.lproj/LaunchScreen.storyboard; sourceTree = "<group>"; };
		3F0AC86B206ED48000C1EDF8 /* Info.plist */ = {isa = PBXFileReference; lastKnownFileType = text.plist.xml; path = Info.plist; sourceTree = "<group>"; };
		3F0AC874206EDC5F00C1EDF8 /* BorderBtn.swift */ = {isa = PBXFileReference; lastKnownFileType = sourcecode.swift; path = BorderBtn.swift; sourceTree = "<group>"; };
		3F0AC878206EEF2200C1EDF8 /* Players.swift */ = {isa = PBXFileReference; lastKnownFileType = sourcecode.swift; path = Players.swift; sourceTree = "<group>"; };
		3F0AC87A206EF29400C1EDF8 /* LeagueVC.swift */ = {isa = PBXFileReference; lastKnownFileType = sourcecode.swift; path = LeagueVC.swift; sourceTree = "<group>"; };
		3F0AC87C206EF2BD00C1EDF8 /* LevelVC.swift */ = {isa = PBXFileReference; lastKnownFileType = sourcecode.swift; path = LevelVC.swift; sourceTree = "<group>"; };
/* End PBXFileReference section */

/* Begin PBXFrameworksBuildPhase section */
		3F0AC859206ED48000C1EDF8 /* Frameworks */ = {
			isa = PBXFrameworksBuildPhase;
			buildActionMask = 2147483647;
			files = (
			);
			runOnlyForDeploymentPostprocessing = 0;
		};
/* End PBXFrameworksBuildPhase section */

/* Begin PBXGroup section */
		3F0AC853206ED48000C1EDF8 = {
			isa = PBXGroup;
			children = (
				3F0AC85E206ED48000C1EDF8 /* UXUS APP SWOOSH */,
				3F0AC85D206ED48000C1EDF8 /* Products */,
			);
			sourceTree = "<group>";
		};
		3F0AC85D206ED48000C1EDF8 /* Products */ = {
			isa = PBXGroup;
			children = (
				3F0AC85C206ED48000C1EDF8 /* UXUS APP SWOOSH.app */,
			);
			name = Products;
			sourceTree = "<group>";
		};
		3F0AC85E206ED48000C1EDF8 /* UXUS APP SWOOSH */ = {
			isa = PBXGroup;
			children = (
				3F0AC873206ED5C500C1EDF8 /* Models */,
				3F0AC872206ED5A800C1EDF8 /* Views */,
				3F0AC871206ED59100C1EDF8 /* Controllers */,
				3F0AC85F206ED48000C1EDF8 /* AppDelegate.swift */,
				3F0AC863206ED48000C1EDF8 /* Main.storyboard */,
				3F0AC866206ED48000C1EDF8 /* Assets.xcassets */,
				3F0AC868206ED48000C1EDF8 /* LaunchScreen.storyboard */,
				3F0AC86B206ED48000C1EDF8 /* Info.plist */,
			);
			path = "UXUS APP SWOOSH";
			sourceTree = "<group>";
		};
		3F0AC871206ED59100C1EDF8 /* Controllers */ = {
			isa = PBXGroup;
			children = (
				3F0AC861206ED48000C1EDF8 /* WelcomeVC.swift */,
				3F0AC87A206EF29400C1EDF8 /* LeagueVC.swift */,
				3F0AC87C206EF2BD00C1EDF8 /* LevelVC.swift */,
			);
			path = Controllers;
			sourceTree = "<group>";
		};
		3F0AC872206ED5A800C1EDF8 /* Views */ = {
			isa = PBXGroup;
			children = (
				3F0AC874206EDC5F00C1EDF8 /* BorderBtn.swift */,
			);
			path = Views;
			sourceTree = "<group>";
		};
		3F0AC873206ED5C500C1EDF8 /* Models */ = {
			isa = PBXGroup;
			children = (
				3F0AC878206EEF2200C1EDF8 /* Players.swift */,
			);
			path = Models;
			sourceTree = "<group>";
		};
/* End PBXGroup section */

/* Begin PBXNativeTarget section */
		3F0AC85B206ED48000C1EDF8 /* UXUS APP SWOOSH */ = {
			isa = PBXNativeTarget;
			buildConfigurationList = 3F0AC86E206ED48000C1EDF8 /* Build configuration list for PBXNativeTarget "UXUS APP SWOOSH" */;
			buildPhases = (
				3F0AC858206ED48000C1EDF8 /* Sources */,
				3F0AC859206ED48000C1EDF8 /* Frameworks */,
				3F0AC85A206ED48000C1EDF8 /* Resources */,
			);
			buildRules = (
			);
			dependencies = (
			);
			name = "UXUS APP SWOOSH";
			productName = "UXUS APP SWOOSH";
			productReference = 3F0AC85C206ED48000C1EDF8 /* UXUS APP SWOOSH.app */;
			productType = "com.apple.product-type.application";
		};
/* End PBXNativeTarget section */

/* Begin PBXProject section */
		3F0AC854206ED48000C1EDF8 /* Project object */ = {
			isa = PBXProject;
			attributes = {
				LastSwiftUpdateCheck = 0920;
				LastUpgradeCheck = 0920;
				ORGANIZATIONNAME = "USMAN NAWAZ";
				TargetAttributes = {
					3F0AC85B206ED48000C1EDF8 = {
						CreatedOnToolsVersion = 9.2;
						ProvisioningStyle = Automatic;
					};
				};
			};
			buildConfigurationList = 3F0AC857206ED48000C1EDF8 /* Build configuration list for PBXProject "UXUS APP SWOOSH" */;
			compatibilityVersion = "Xcode 8.0";
			developmentRegion = en;
			hasScannedForEncodings = 0;
			knownRegions = (
				en,
				Base,
			);
			mainGroup = 3F0AC853206ED48000C1EDF8;
			productRefGroup = 3F0AC85D206ED48000C1EDF8 /* Products */;
			projectDirPath = "";
			projectRoot = "";
			targets = (
				3F0AC85B206ED48000C1EDF8 /* UXUS APP SWOOSH */,
			);
		};
/* End PBXProject section */

/* Begin PBXResourcesBuildPhase section */
		3F0AC85A206ED48000C1EDF8 /* Resources */ = {
			isa = PBXResourcesBuildPhase;
			buildActionMask = 2147483647;
			files = (
				3F0AC86A206ED48000C1EDF8 /* LaunchScreen.storyboard in Resources */,
				3F0AC867206ED48000C1EDF8 /* Assets.xcassets in Resources */,
				3F0AC865206ED48000C1EDF8 /* Main.storyboard in Resources */,
			);
			runOnlyForDeploymentPostprocessing = 0;
		};
/* End PBXResourcesBuildPhase section */

/* Begin PBXSourcesBuildPhase section */
		3F0AC858206ED48000C1EDF8 /* Sources */ = {
			isa = PBXSourcesBuildPhase;
			buildActionMask = 2147483647;
			files = (
				3F0AC87B206EF29400C1EDF8 /* LeagueVC.swift in Sources */,
				3F0AC87D206EF2BD00C1EDF8 /* LevelVC.swift in Sources */,
				3F0AC879206EEF2200C1EDF8 /* Players.swift in Sources */,
				3F0AC862206ED48000C1EDF8 /* WelcomeVC.swift in Sources */,
				3F0AC875206EDC5F00C1EDF8 /* BorderBtn.swift in Sources */,
				3F0AC860206ED48000C1EDF8 /* AppDelegate.swift in Sources */,
			);
			runOnlyForDeploymentPostprocessing = 0;
		};
/* End PBXSourcesBuildPhase section */

/* Begin PBXVariantGroup section */
		3F0AC863206ED48000C1EDF8 /* Main.storyboard */ = {
			isa = PBXVariantGroup;
			children = (
				3F0AC864206ED48000C1EDF8 /* Base */,
			);
			name = Main.storyboard;
			sourceTree = "<group>";
		};
		3F0AC868206ED48000C1EDF8 /* LaunchScreen.storyboard */ = {
			isa = PBXVariantGroup;
			children = (
				3F0AC869206ED48000C1EDF8 /* Base */,
			);
			name = LaunchScreen.storyboard;
			sourceTree = "<group>";
		};
/* End PBXVariantGroup section */

/* Begin XCBuildConfiguration section */
		3F0AC86C206ED48000C1EDF8 /* Debug */ = {
			isa = XCBuildConfiguration;
			buildSettings = {
				ALWAYS_SEARCH_USER_PATHS = NO;
				CLANG_ANALYZER_NONNULL = YES;
				CLANG_ANALYZER_NUMBER_OBJECT_CONVERSION = YES_AGGRESSIVE;
				CLANG_CXX_LANGUAGE_STANDARD = "gnu++14";
				CLANG_CXX_LIBRARY = "libc++";
				CLANG_ENABLE_MODULES = YES;
				CLANG_ENABLE_OBJC_ARC = YES;
				CLANG_WARN_BLOCK_CAPTURE_AUTORELEASING = YES;
				CLANG_WARN_BOOL_CONVERSION = YES;
				CLANG_WARN_COMMA = YES;
				CLANG_WARN_CONSTANT_CONVERSION = YES;
				CLANG_WARN_DIRECT_OBJC_ISA_USAGE = YES_ERROR;
				CLANG_WARN_DOCUMENTATION_COMMENTS = YES;
				CLANG_WARN_EMPTY_BODY = YES;
				CLANG_WARN_ENUM_CONVERSION = YES;
				CLANG_WARN_INFINITE_RECURSION = YES;
				CLANG_WARN_INT_CONVERSION = YES;
				CLANG_WARN_NON_LITERAL_NULL_CONVERSION = YES;
				CLANG_WARN_OBJC_LITERAL_CONVERSION = YES;
				CLANG_WARN_OBJC_ROOT_CLASS = YES_ERROR;
				CLANG_WARN_RANGE_LOOP_ANALYSIS = YES;
				CLANG_WARN_STRICT_PROTOTYPES = YES;
				CLANG_WARN_SUSPICIOUS_MOVE = YES;
				CLANG_WARN_UNGUARDED_AVAILABILITY = YES_AGGRESSIVE;
				CLANG_WARN_UNREACHABLE_CODE = YES;
				CLANG_WARN__DUPLICATE_METHOD_MATCH = YES;
				CODE_SIGN_IDENTITY = "iPhone Developer";
				COPY_PHASE_STRIP = NO;
				DEBUG_INFORMATION_FORMAT = dwarf;
				ENABLE_STRICT_OBJC_MSGSEND = YES;
				ENABLE_TESTABILITY = YES;
				GCC_C_LANGUAGE_STANDARD = gnu11;
				GCC_DYNAMIC_NO_PIC = NO;
				GCC_NO_COMMON_BLOCKS = YES;
				GCC_OPTIMIZATION_LEVEL = 0;
				GCC_PREPROCESSOR_DEFINITIONS = (
					"DEBUG=1",
					"$(inherited)",
				);
				GCC_WARN_64_TO_32_BIT_CONVERSION = YES;
				GCC_WARN_ABOUT_RETURN_TYPE = YES_ERROR;
				GCC_WARN_UNDECLARED_SELECTOR = YES;
				GCC_WARN_UNINITIALIZED_AUTOS = YES_AGGRESSIVE;
				GCC_WARN_UNUSED_FUNCTION = YES;
				GCC_WARN_UNUSED_VARIABLE = YES;
				IPHONEOS_DEPLOYMENT_TARGET = 11.2;
				MTL_ENABLE_DEBUG_INFO = YES;
				ONLY_ACTIVE_ARCH = YES;
				SDKROOT = iphoneos;
				SWIFT_ACTIVE_COMPILATION_CONDITIONS = DEBUG;
				SWIFT_OPTIMIZATION_LEVEL = "-Onone";
			};
			name = Debug;
		};
		3F0AC86D206ED48000C1EDF8 /* Release */ = {
			isa = XCBuildConfiguration;
			buildSettings = {
				ALWAYS_SEARCH_USER_PATHS = NO;
				CLANG_ANALYZER_NONNULL = YES;
				CLANG_ANALYZER_NUMBER_OBJECT_CONVERSION = YES_AGGRESSIVE;
				CLANG_CXX_LANGUAGE_STANDARD = "gnu++14";
				CLANG_CXX_LIBRARY = "libc++";
				CLANG_ENABLE_MODULES = YES;
				CLANG_ENABLE_OBJC_ARC = YES;
				CLANG_WARN_BLOCK_CAPTURE_AUTORELEASING = YES;
				CLANG_WARN_BOOL_CONVERSION = YES;
				CLANG_WARN_COMMA = YES;
				CLANG_WARN_CONSTANT_CONVERSION = YES;
				CLANG_WARN_DIRECT_OBJC_ISA_USAGE = YES_ERROR;
				CLANG_WARN_DOCUMENTATION_COMMENTS = YES;
				CLANG_WARN_EMPTY_BODY = YES;
				CLANG_WARN_ENUM_CONVERSION = YES;
				CLANG_WARN_INFINITE_RECURSION = YES;
				CLANG_WARN_INT_CONVERSION = YES;
				CLANG_WARN_NON_LITERAL_NULL_CONVERSION = YES;
				CLANG_WARN_OBJC_LITERAL_CONVERSION = YES;
				CLANG_WARN_OBJC_ROOT_CLASS = YES_ERROR;
				CLANG_WARN_RANGE_LOOP_ANALYSIS = YES;
				CLANG_WARN_STRICT_PROTOTYPES = YES;
				CLANG_WARN_SUSPICIOUS_MOVE = YES;
				CLANG_WARN_UNGUARDED_AVAILABILITY = YES_AGGRESSIVE;
				CLANG_WARN_UNREACHABLE_CODE = YES;
				CLANG_WARN__DUPLICATE_METHOD_MATCH = YES;
				CODE_SIGN_IDENTITY = "iPhone Developer";
				COPY_PHASE_STRIP = NO;
				DEBUG_INFORMATION_FORMAT = "dwarf-with-dsym";
				ENABLE_NS_ASSERTIONS = NO;
				ENABLE_STRICT_OBJC_MSGSEND = YES;
				GCC_C_LANGUAGE_STANDARD = gnu11;
				GCC_NO_COMMON_BLOCKS = YES;
				GCC_WARN_64_TO_32_BIT_CONVERSION = YES;
				GCC_WARN_ABOUT_RETURN_TYPE = YES_ERROR;
				GCC_WARN_UNDECLARED_SELECTOR = YES;
				GCC_WARN_UNINITIALIZED_AUTOS = YES_AGGRESSIVE;
				GCC_WARN_UNUSED_FUNCTION = YES;
				GCC_WARN_UNUSED_VARIABLE = YES;
				IPHONEOS_DEPLOYMENT_TARGET = 11.2;
				MTL_ENABLE_DEBUG_INFO = NO;
				SDKROOT = iphoneos;
				SWIFT_OPTIMIZATION_LEVEL = "-Owholemodule";
				VALIDATE_PRODUCT = YES;
			};
			name = Release;
		};
		3F0AC86F206ED48000C1EDF8 /* Debug */ = {
			isa = XCBuildConfiguration;
			buildSettings = {
				ASSETCATALOG_COMPILER_APPICON_NAME = AppIcon;
				CODE_SIGN_STYLE = Automatic;
				DEVELOPMENT_TEAM = R4PHDWE74X;
				INFOPLIST_FILE = "UXUS APP SWOOSH/Info.plist";
				LD_RUNPATH_SEARCH_PATHS = "$(inherited) @executable_path/Frameworks";
				PRODUCT_BUNDLE_IDENTIFIER = "dev.uxwebdeveloper.com.UXUS-APP-SWOOSH";
				PRODUCT_NAME = "$(TARGET_NAME)";
				SWIFT_VERSION = 4.0;
				TARGETED_DEVICE_FAMILY = "1,2";
			};
			name = Debug;
		};
		3F0AC870206ED48000C1EDF8 /* Release */ = {
			isa = XCBuildConfiguration;
			buildSettings = {
				ASSETCATALOG_COMPILER_APPICON_NAME = AppIcon;
				CODE_SIGN_STYLE = Automatic;
				DEVELOPMENT_TEAM = R4PHDWE74X;
				INFOPLIST_FILE = "UXUS APP SWOOSH/Info.plist";
				LD_RUNPATH_SEARCH_PATHS = "$(inherited) @executable_path/Frameworks";
				PRODUCT_BUNDLE_IDENTIFIER = "dev.uxwebdeveloper.com.UXUS-APP-SWOOSH";
				PRODUCT_NAME = "$(TARGET_NAME)";
				SWIFT_VERSION = 4.0;
				TARGETED_DEVICE_FAMILY = "1,2";
			};
			name = Release;
		};
/* End XCBuildConfiguration section */

/* Begin XCConfigurationList section */
		3F0AC857206ED48000C1EDF8 /* Build configuration list for PBXProject "UXUS APP SWOOSH" */ = {
			isa = XCConfigurationList;
			buildConfigurations = (
				3F0AC86C206ED48000C1EDF8 /* Debug */,
				3F0AC86D206ED48000C1EDF8 /* Release */,
			);
			defaultConfigurationIsVisible = 0;
			defaultConfigurationName = Release;
		};
		3F0AC86E206ED48000C1EDF8 /* Build configuration list for PBXNativeTarget "UXUS APP SWOOSH" */ = {
			isa = XCConfigurationList;
			buildConfigurations = (
				3F0AC86F206ED48000C1EDF8 /* Debug */,
				3F0AC870206ED48000C1EDF8 /* Release */,
			);
			defaultConfigurationIsVisible = 0;
			defaultConfigurationName = Release;
		};
/* End XCConfigurationList section */
	};
	rootObject = 3F0AC854206ED48000C1EDF8 /* Project object */;
}
